// !$*UTF8*$!
{
	archiveVersion = 1;
	classes = {
	};
	objectVersion = 46;
	objects = {

/* Begin PBXBuildFile section */
		ADD3BD0043A943198FAEC63B /* libPods.a in Frameworks */ = {isa = PBXBuildFile; fileRef = 7022E64ED26C476A9307C9E9 /* libPods.a */; };
		EC4FA770175AA2C300C7E351 /* CoreLocation.framework in Frameworks */ = {isa = PBXBuildFile; fileRef = EC4FA76F175AA2C300C7E351 /* CoreLocation.framework */; };
		EC4FA778175AA6F200C7E351 /* Incident.m in Sources */ = {isa = PBXBuildFile; fileRef = EC4FA777175AA6F200C7E351 /* Incident.m */; };
		EC4FA77D175ACFD200C7E351 /* IncidentManager.m in Sources */ = {isa = PBXBuildFile; fileRef = EC4FA77C175ACFD200C7E351 /* IncidentManager.m */; };
		ECDF8C62175A99BC0079858C /* ReportViewController.m in Sources */ = {isa = PBXBuildFile; fileRef = ECDF8C60175A99BC0079858C /* ReportViewController.m */; };
		ECDF8C63175A99BC0079858C /* ReportViewController.xib in Resources */ = {isa = PBXBuildFile; fileRef = ECDF8C61175A99BC0079858C /* ReportViewController.xib */; };
		F40A13D3175A83A7001698EB /* UIKit.framework in Frameworks */ = {isa = PBXBuildFile; fileRef = F40A13D2175A83A7001698EB /* UIKit.framework */; };
		F40A13D5175A83A7001698EB /* Foundation.framework in Frameworks */ = {isa = PBXBuildFile; fileRef = F40A13D4175A83A7001698EB /* Foundation.framework */; };
		F40A13D7175A83A7001698EB /* CoreGraphics.framework in Frameworks */ = {isa = PBXBuildFile; fileRef = F40A13D6175A83A7001698EB /* CoreGraphics.framework */; };
		F40A13DD175A83A8001698EB /* InfoPlist.strings in Resources */ = {isa = PBXBuildFile; fileRef = F40A13DB175A83A8001698EB /* InfoPlist.strings */; };
		F40A13DF175A83A8001698EB /* main.m in Sources */ = {isa = PBXBuildFile; fileRef = F40A13DE175A83A8001698EB /* main.m */; };
		F40A13E3175A83A8001698EB /* AppDelegate.m in Sources */ = {isa = PBXBuildFile; fileRef = F40A13E2175A83A8001698EB /* AppDelegate.m */; };
		F40A13E5175A83A8001698EB /* Default.png in Resources */ = {isa = PBXBuildFile; fileRef = F40A13E4175A83A8001698EB /* Default.png */; };
		F40A13E7175A83A8001698EB /* Default@2x.png in Resources */ = {isa = PBXBuildFile; fileRef = F40A13E6175A83A8001698EB /* Default@2x.png */; };
		F40A13E9175A83A8001698EB /* Default-568h@2x.png in Resources */ = {isa = PBXBuildFile; fileRef = F40A13E8175A83A8001698EB /* Default-568h@2x.png */; };
		F40A13EC175A83A8001698EB /* ViewController.m in Sources */ = {isa = PBXBuildFile; fileRef = F40A13EB175A83A8001698EB /* ViewController.m */; };
		F40A13EF175A83A8001698EB /* ViewController.xib in Resources */ = {isa = PBXBuildFile; fileRef = F40A13ED175A83A8001698EB /* ViewController.xib */; };
		F40A13F5175AA7DF001698EB /* libPods.a in Resources */ = {isa = PBXBuildFile; fileRef = 7022E64ED26C476A9307C9E9 /* libPods.a */; };
		F48B3099175B1BFE00118881 /* CCMarker.m in Sources */ = {isa = PBXBuildFile; fileRef = F48B3098175B1BFE00118881 /* CCMarker.m */; };
/* End PBXBuildFile section */

/* Begin PBXFileReference section */
		7022E64ED26C476A9307C9E9 /* libPods.a */ = {isa = PBXFileReference; explicitFileType = archive.ar; includeInIndex = 0; path = libPods.a; sourceTree = BUILT_PRODUCTS_DIR; };
		E27E466A7BDB4E06B2EA3A87 /* Pods.xcconfig */ = {isa = PBXFileReference; includeInIndex = 1; lastKnownFileType = text.xcconfig; name = Pods.xcconfig; path = Pods/Pods.xcconfig; sourceTree = SOURCE_ROOT; };
		EC4FA76F175AA2C300C7E351 /* CoreLocation.framework */ = {isa = PBXFileReference; lastKnownFileType = wrapper.framework; name = CoreLocation.framework; path = System/Library/Frameworks/CoreLocation.framework; sourceTree = SDKROOT; };
		EC4FA776175AA6F200C7E351 /* Incident.h */ = {isa = PBXFileReference; fileEncoding = 4; lastKnownFileType = sourcecode.c.h; path = Incident.h; sourceTree = "<group>"; };
		EC4FA777175AA6F200C7E351 /* Incident.m */ = {isa = PBXFileReference; fileEncoding = 4; lastKnownFileType = sourcecode.c.objc; path = Incident.m; sourceTree = "<group>"; };
		EC4FA77B175ACFD200C7E351 /* IncidentManager.h */ = {isa = PBXFileReference; fileEncoding = 4; lastKnownFileType = sourcecode.c.h; path = IncidentManager.h; sourceTree = "<group>"; };
		EC4FA77C175ACFD200C7E351 /* IncidentManager.m */ = {isa = PBXFileReference; fileEncoding = 4; lastKnownFileType = sourcecode.c.objc; path = IncidentManager.m; sourceTree = "<group>"; };
		ECDF8C5F175A99BC0079858C /* ReportViewController.h */ = {isa = PBXFileReference; fileEncoding = 4; lastKnownFileType = sourcecode.c.h; path = ReportViewController.h; sourceTree = "<group>"; };
		ECDF8C60175A99BC0079858C /* ReportViewController.m */ = {isa = PBXFileReference; fileEncoding = 4; lastKnownFileType = sourcecode.c.objc; path = ReportViewController.m; sourceTree = "<group>"; };
		ECDF8C61175A99BC0079858C /* ReportViewController.xib */ = {isa = PBXFileReference; fileEncoding = 4; lastKnownFileType = file.xib; path = ReportViewController.xib; sourceTree = "<group>"; };
		F40A13CF175A83A7001698EB /* CleanCola.app */ = {isa = PBXFileReference; explicitFileType = wrapper.application; includeInIndex = 0; path = CleanCola.app; sourceTree = BUILT_PRODUCTS_DIR; };
		F40A13D2175A83A7001698EB /* UIKit.framework */ = {isa = PBXFileReference; lastKnownFileType = wrapper.framework; name = UIKit.framework; path = System/Library/Frameworks/UIKit.framework; sourceTree = SDKROOT; };
		F40A13D4175A83A7001698EB /* Foundation.framework */ = {isa = PBXFileReference; lastKnownFileType = wrapper.framework; name = Foundation.framework; path = System/Library/Frameworks/Foundation.framework; sourceTree = SDKROOT; };
		F40A13D6175A83A7001698EB /* CoreGraphics.framework */ = {isa = PBXFileReference; lastKnownFileType = wrapper.framework; name = CoreGraphics.framework; path = System/Library/Frameworks/CoreGraphics.framework; sourceTree = SDKROOT; };
		F40A13DA175A83A8001698EB /* CleanCola-Info.plist */ = {isa = PBXFileReference; lastKnownFileType = text.plist.xml; path = "CleanCola-Info.plist"; sourceTree = "<group>"; };
		F40A13DC175A83A8001698EB /* en */ = {isa = PBXFileReference; lastKnownFileType = text.plist.strings; name = en; path = en.lproj/InfoPlist.strings; sourceTree = "<group>"; };
		F40A13DE175A83A8001698EB /* main.m */ = {isa = PBXFileReference; lastKnownFileType = sourcecode.c.objc; path = main.m; sourceTree = "<group>"; };
		F40A13E0175A83A8001698EB /* CleanCola-Prefix.pch */ = {isa = PBXFileReference; lastKnownFileType = sourcecode.c.h; path = "CleanCola-Prefix.pch"; sourceTree = "<group>"; };
		F40A13E1175A83A8001698EB /* AppDelegate.h */ = {isa = PBXFileReference; lastKnownFileType = sourcecode.c.h; path = AppDelegate.h; sourceTree = "<group>"; };
		F40A13E2175A83A8001698EB /* AppDelegate.m */ = {isa = PBXFileReference; lastKnownFileType = sourcecode.c.objc; path = AppDelegate.m; sourceTree = "<group>"; };
		F40A13E4175A83A8001698EB /* Default.png */ = {isa = PBXFileReference; lastKnownFileType = image.png; path = Default.png; sourceTree = "<group>"; };
		F40A13E6175A83A8001698EB /* Default@2x.png */ = {isa = PBXFileReference; lastKnownFileType = image.png; path = "Default@2x.png"; sourceTree = "<group>"; };
		F40A13E8175A83A8001698EB /* Default-568h@2x.png */ = {isa = PBXFileReference; lastKnownFileType = image.png; path = "Default-568h@2x.png"; sourceTree = "<group>"; };
		F40A13EA175A83A8001698EB /* ViewController.h */ = {isa = PBXFileReference; lastKnownFileType = sourcecode.c.h; path = ViewController.h; sourceTree = "<group>"; };
		F40A13EB175A83A8001698EB /* ViewController.m */ = {isa = PBXFileReference; lastKnownFileType = sourcecode.c.objc; path = ViewController.m; sourceTree = "<group>"; };
		F40A13EE175A83A8001698EB /* en */ = {isa = PBXFileReference; lastKnownFileType = file.xib; name = en; path = en.lproj/ViewController.xib; sourceTree = "<group>"; };
		F48B3097175B1BFD00118881 /* CCMarker.h */ = {isa = PBXFileReference; fileEncoding = 4; lastKnownFileType = sourcecode.c.h; path = CCMarker.h; sourceTree = "<group>"; };
		F48B3098175B1BFE00118881 /* CCMarker.m */ = {isa = PBXFileReference; fileEncoding = 4; lastKnownFileType = sourcecode.c.objc; path = CCMarker.m; sourceTree = "<group>"; };
/* End PBXFileReference section */

/* Begin PBXFrameworksBuildPhase section */
		F40A13CC175A83A7001698EB /* Frameworks */ = {
			isa = PBXFrameworksBuildPhase;
			buildActionMask = 2147483647;
			files = (
				EC4FA770175AA2C300C7E351 /* CoreLocation.framework in Frameworks */,
				F40A13D3175A83A7001698EB /* UIKit.framework in Frameworks */,
				F40A13D5175A83A7001698EB /* Foundation.framework in Frameworks */,
				F40A13D7175A83A7001698EB /* CoreGraphics.framework in Frameworks */,
				ADD3BD0043A943198FAEC63B /* libPods.a in Frameworks */,
			);
			runOnlyForDeploymentPostprocessing = 0;
		};
/* End PBXFrameworksBuildPhase section */

/* Begin PBXGroup section */
		EC4FA775175AA6A800C7E351 /* Model */ = {
			isa = PBXGroup;
			children = (
				EC4FA776175AA6F200C7E351 /* Incident.h */,
				EC4FA777175AA6F200C7E351 /* Incident.m */,
			);
			name = Model;
			sourceTree = "<group>";
		};
		F40A13C6175A83A7001698EB = {
			isa = PBXGroup;
			children = (
				EC4FA76F175AA2C300C7E351 /* CoreLocation.framework */,
				F40A13D8175A83A8001698EB /* CleanCola */,
				F40A13D1175A83A7001698EB /* Frameworks */,
				F40A13D0175A83A7001698EB /* Products */,
				E27E466A7BDB4E06B2EA3A87 /* Pods.xcconfig */,
			);
			sourceTree = "<group>";
		};
		F40A13D0175A83A7001698EB /* Products */ = {
			isa = PBXGroup;
			children = (
				F40A13CF175A83A7001698EB /* CleanCola.app */,
			);
			name = Products;
			sourceTree = "<group>";
		};
		F40A13D1175A83A7001698EB /* Frameworks */ = {
			isa = PBXGroup;
			children = (
				F40A13D2175A83A7001698EB /* UIKit.framework */,
				F40A13D4175A83A7001698EB /* Foundation.framework */,
				F40A13D6175A83A7001698EB /* CoreGraphics.framework */,
				7022E64ED26C476A9307C9E9 /* libPods.a */,
			);
			name = Frameworks;
			sourceTree = "<group>";
		};
		F40A13D8175A83A8001698EB /* CleanCola */ = {
			isa = PBXGroup;
			children = (
				EC4FA775175AA6A800C7E351 /* Model */,
				F40A13E1175A83A8001698EB /* AppDelegate.h */,
				F40A13E2175A83A8001698EB /* AppDelegate.m */,
				F40A13EA175A83A8001698EB /* ViewController.h */,
				F40A13EB175A83A8001698EB /* ViewController.m */,
				F40A13ED175A83A8001698EB /* ViewController.xib */,
				F48B3097175B1BFD00118881 /* CCMarker.h */,
				F48B3098175B1BFE00118881 /* CCMarker.m */,
				F40A13D9175A83A8001698EB /* Supporting Files */,
				ECDF8C5F175A99BC0079858C /* ReportViewController.h */,
				ECDF8C60175A99BC0079858C /* ReportViewController.m */,
				ECDF8C61175A99BC0079858C /* ReportViewController.xib */,
				EC4FA77B175ACFD200C7E351 /* IncidentManager.h */,
				EC4FA77C175ACFD200C7E351 /* IncidentManager.m */,
			);
			path = CleanCola;
			sourceTree = "<group>";
		};
		F40A13D9175A83A8001698EB /* Supporting Files */ = {
			isa = PBXGroup;
			children = (
				F40A13DA175A83A8001698EB /* CleanCola-Info.plist */,
				F40A13DB175A83A8001698EB /* InfoPlist.strings */,
				F40A13DE175A83A8001698EB /* main.m */,
				F40A13E0175A83A8001698EB /* CleanCola-Prefix.pch */,
				F40A13E4175A83A8001698EB /* Default.png */,
				F40A13E6175A83A8001698EB /* Default@2x.png */,
				F40A13E8175A83A8001698EB /* Default-568h@2x.png */,
			);
			name = "Supporting Files";
			sourceTree = "<group>";
		};
/* End PBXGroup section */

/* Begin PBXNativeTarget section */
		F40A13CE175A83A7001698EB /* CleanCola */ = {
			isa = PBXNativeTarget;
			buildConfigurationList = F40A13F2175A83A8001698EB /* Build configuration list for PBXNativeTarget "CleanCola" */;
			buildPhases = (
				88CFE8F6FD79499FA9375005 /* Check Pods Manifest.lock */,
				F40A13CB175A83A7001698EB /* Sources */,
				F40A13CC175A83A7001698EB /* Frameworks */,
				F40A13CD175A83A7001698EB /* Resources */,
				DCDE67E8BAF249D7A0637B1F /* Copy Pods Resources */,
			);
			buildRules = (
			);
			dependencies = (
			);
			name = CleanCola;
			productName = CleanCola;
			productReference = F40A13CF175A83A7001698EB /* CleanCola.app */;
			productType = "com.apple.product-type.application";
		};
/* End PBXNativeTarget section */

/* Begin PBXProject section */
		F40A13C7175A83A7001698EB /* Project object */ = {
			isa = PBXProject;
			attributes = {
				LastUpgradeCheck = 0460;
				ORGANIZATIONNAME = SCHackDay;
			};
			buildConfigurationList = F40A13CA175A83A7001698EB /* Build configuration list for PBXProject "CleanCola" */;
			compatibilityVersion = "Xcode 3.2";
			developmentRegion = English;
			hasScannedForEncodings = 0;
			knownRegions = (
				en,
			);
			mainGroup = F40A13C6175A83A7001698EB;
			productRefGroup = F40A13D0175A83A7001698EB /* Products */;
			projectDirPath = "";
			projectRoot = "";
			targets = (
				F40A13CE175A83A7001698EB /* CleanCola */,
			);
		};
/* End PBXProject section */

/* Begin PBXResourcesBuildPhase section */
		F40A13CD175A83A7001698EB /* Resources */ = {
			isa = PBXResourcesBuildPhase;
			buildActionMask = 2147483647;
			files = (
				F40A13F5175AA7DF001698EB /* libPods.a in Resources */,
				F40A13DD175A83A8001698EB /* InfoPlist.strings in Resources */,
				F40A13E5175A83A8001698EB /* Default.png in Resources */,
				F40A13E7175A83A8001698EB /* Default@2x.png in Resources */,
				F40A13E9175A83A8001698EB /* Default-568h@2x.png in Resources */,
				F40A13EF175A83A8001698EB /* ViewController.xib in Resources */,
				ECDF8C63175A99BC0079858C /* ReportViewController.xib in Resources */,
			);
			runOnlyForDeploymentPostprocessing = 0;
		};
/* End PBXResourcesBuildPhase section */

/* Begin PBXShellScriptBuildPhase section */
		88CFE8F6FD79499FA9375005 /* Check Pods Manifest.lock */ = {
			isa = PBXShellScriptBuildPhase;
			buildActionMask = 2147483647;
			files = (
			);
			inputPaths = (
			);
			name = "Check Pods Manifest.lock";
			outputPaths = (
			);
			runOnlyForDeploymentPostprocessing = 0;
			shellPath = /bin/sh;
			shellScript = "diff \"${PODS_ROOT}/../Podfile.lock\" \"${PODS_ROOT}/Manifest.lock\" > /dev/null\nif [[ $? != 0 ]] ; then\n    cat << EOM\nerror: The sandbox is not in sync with the Podfile.lock. Run 'pod install' or update your CocoaPods installation.\nEOM\n    exit 1\nfi\n";
		};
		DCDE67E8BAF249D7A0637B1F /* Copy Pods Resources */ = {
			isa = PBXShellScriptBuildPhase;
			buildActionMask = 2147483647;
			files = (
			);
			inputPaths = (
			);
			name = "Copy Pods Resources";
			outputPaths = (
			);
			runOnlyForDeploymentPostprocessing = 0;
			shellPath = /bin/sh;
			shellScript = "\"${SRCROOT}/Pods/Pods-resources.sh\"\n";
		};
/* End PBXShellScriptBuildPhase section */

/* Begin PBXSourcesBuildPhase section */
		F40A13CB175A83A7001698EB /* Sources */ = {
			isa = PBXSourcesBuildPhase;
			buildActionMask = 2147483647;
			files = (
				F40A13DF175A83A8001698EB /* main.m in Sources */,
				F40A13E3175A83A8001698EB /* AppDelegate.m in Sources */,
				F40A13EC175A83A8001698EB /* ViewController.m in Sources */,
				ECDF8C62175A99BC0079858C /* ReportViewController.m in Sources */,
				EC4FA778175AA6F200C7E351 /* Incident.m in Sources */,
				EC4FA77D175ACFD200C7E351 /* IncidentManager.m in Sources */,
				F48B3099175B1BFE00118881 /* CCMarker.m in Sources */,
			);
			runOnlyForDeploymentPostprocessing = 0;
		};
/* End PBXSourcesBuildPhase section */

/* Begin PBXVariantGroup section */
		F40A13DB175A83A8001698EB /* InfoPlist.strings */ = {
			isa = PBXVariantGroup;
			children = (
				F40A13DC175A83A8001698EB /* en */,
			);
			name = InfoPlist.strings;
			sourceTree = "<group>";
		};
		F40A13ED175A83A8001698EB /* ViewController.xib */ = {
			isa = PBXVariantGroup;
			children = (
				F40A13EE175A83A8001698EB /* en */,
			);
			name = ViewController.xib;
			sourceTree = "<group>";
		};
/* End PBXVariantGroup section */

/* Begin XCBuildConfiguration section */
		F40A13F0175A83A8001698EB /* Debug */ = {
			isa = XCBuildConfiguration;
			buildSettings = {
				ALWAYS_SEARCH_USER_PATHS = NO;
				CLANG_CXX_LANGUAGE_STANDARD = "gnu++0x";
				CLANG_CXX_LIBRARY = "libc++";
				CLANG_ENABLE_OBJC_ARC = YES;
				CLANG_WARN_CONSTANT_CONVERSION = YES;
				CLANG_WARN_EMPTY_BODY = YES;
				CLANG_WARN_ENUM_CONVERSION = YES;
				CLANG_WARN_INT_CONVERSION = YES;
				CLANG_WARN__DUPLICATE_METHOD_MATCH = YES;
				"CODE_SIGN_IDENTITY[sdk=iphoneos*]" = "iPhone Developer";
				COPY_PHASE_STRIP = NO;
				GCC_C_LANGUAGE_STANDARD = gnu99;
				GCC_DYNAMIC_NO_PIC = NO;
				GCC_OPTIMIZATION_LEVEL = 0;
				GCC_PREPROCESSOR_DEFINITIONS = (
					"DEBUG=1",
					"$(inherited)",
				);
				GCC_SYMBOLS_PRIVATE_EXTERN = NO;
				GCC_WARN_ABOUT_RETURN_TYPE = YES;
				GCC_WARN_UNINITIALIZED_AUTOS = YES;
				GCC_WARN_UNUSED_VARIABLE = YES;
				IPHONEOS_DEPLOYMENT_TARGET = 6.1;
				ONLY_ACTIVE_ARCH = YES;
				SDKROOT = iphoneos;
			};
			name = Debug;
		};
		F40A13F1175A83A8001698EB /* Release */ = {
			isa = XCBuildConfiguration;
			buildSettings = {
				ALWAYS_SEARCH_USER_PATHS = NO;
				CLANG_CXX_LANGUAGE_STANDARD = "gnu++0x";
				CLANG_CXX_LIBRARY = "libc++";
				CLANG_ENABLE_OBJC_ARC = YES;
				CLANG_WARN_CONSTANT_CONVERSION = YES;
				CLANG_WARN_EMPTY_BODY = YES;
				CLANG_WARN_ENUM_CONVERSION = YES;
				CLANG_WARN_INT_CONVERSION = YES;
				CLANG_WARN__DUPLICATE_METHOD_MATCH = YES;
				"CODE_SIGN_IDENTITY[sdk=iphoneos*]" = "iPhone Developer";
				COPY_PHASE_STRIP = YES;
				GCC_C_LANGUAGE_STANDARD = gnu99;
				GCC_WARN_ABOUT_RETURN_TYPE = YES;
				GCC_WARN_UNINITIALIZED_AUTOS = YES;
				GCC_WARN_UNUSED_VARIABLE = YES;
				IPHONEOS_DEPLOYMENT_TARGET = 6.1;
				OTHER_CFLAGS = "-DNS_BLOCK_ASSERTIONS=1";
				SDKROOT = iphoneos;
				VALIDATE_PRODUCT = YES;
			};
			name = Release;
		};
		F40A13F3175A83A8001698EB /* Debug */ = {
			isa = XCBuildConfiguration;
			baseConfigurationReference = E27E466A7BDB4E06B2EA3A87 /* Pods.xcconfig */;
			buildSettings = {
				GCC_PRECOMPILE_PREFIX_HEADER = YES;
				GCC_PREFIX_HEADER = "CleanCola/CleanCola-Prefix.pch";
				INFOPLIST_FILE = "CleanCola/CleanCola-Info.plist";
				PRODUCT_NAME = "$(TARGET_NAME)";
				TARGETED_DEVICE_FAMILY = 1;
				WRAPPER_EXTENSION = app;
			};
			name = Debug;
		};
		F40A13F4175A83A8001698EB /* Release */ = {
			isa = XCBuildConfiguration;
			baseConfigurationReference = E27E466A7BDB4E06B2EA3A87 /* Pods.xcconfig */;
			buildSettings = {
				GCC_PRECOMPILE_PREFIX_HEADER = YES;
				GCC_PREFIX_HEADER = "CleanCola/CleanCola-Prefix.pch";
				INFOPLIST_FILE = "CleanCola/CleanCola-Info.plist";
				PRODUCT_NAME = "$(TARGET_NAME)";
				TARGETED_DEVICE_FAMILY = 1;
				WRAPPER_EXTENSION = app;
			};
			name = Release;
		};
/* End XCBuildConfiguration section */

/* Begin XCConfigurationList section */
		F40A13CA175A83A7001698EB /* Build configuration list for PBXProject "CleanCola" */ = {
			isa = XCConfigurationList;
			buildConfigurations = (
				F40A13F0175A83A8001698EB /* Debug */,
				F40A13F1175A83A8001698EB /* Release */,
			);
			defaultConfigurationIsVisible = 0;
			defaultConfigurationName = Release;
		};
		F40A13F2175A83A8001698EB /* Build configuration list for PBXNativeTarget "CleanCola" */ = {
			isa = XCConfigurationList;
			buildConfigurations = (
				F40A13F3175A83A8001698EB /* Debug */,
				F40A13F4175A83A8001698EB /* Release */,
			);
			defaultConfigurationIsVisible = 0;
			defaultConfigurationName = Release;
		};
/* End XCConfigurationList section */
	};
	rootObject = F40A13C7175A83A7001698EB /* Project object */;
}
